
Microsoft Visual Studio Solution File, Format Version 12.00
# Visual Studio 15
VisualStudioVersion = 15.0.27703.2035
MinimumVisualStudioVersion = 10.0.40219.1
Project("{FAE04EC0-301F-11D3-BF4B-00C04F79EFBC}") = "PPScreener", "PPScreener\PPScreener.csproj", "{97AC3B42-B5B5-4068-B644-99A38D6B490F}"
EndProject
Global
	GlobalSection(SolutionConfigurationPlatforms) = preSolution
		Debug|Any CPU = Debug|Any CPU
		Release|Any CPU = Release|Any CPU
	EndGlobalSection
	GlobalSection(ProjectConfigurationPlatforms) = postSolution
		{97AC3B42-B5B5-4068-B644-99A38D6B490F}.Debug|Any CPU.ActiveCfg = Debug|Any CPU
		{97AC3B42-B5B5-4068-B644-99A38D6B490F}.Debug|Any CPU.Build.0 = Debug|Any CPU
		{97AC3B42-B5B5-4068-B644-99A38D6B490F}.Release|Any CPU.ActiveCfg = Release|Any CPU
		{97AC3B42-B5B5-4068-B644-99A38D6B490F}.Release|Any CPU.Build.0 = Release|Any CPU
	EndGlobalSection
	GlobalSection(SolutionProperties) = preSolution
		HideSolutionNode = FALSE
	EndGlobalSection
	GlobalSection(ExtensibilityGlobals) = postSolution
		SolutionGuid = {05E1B3F6-0760-4EC0-B495-8B915B34C8D2}
	EndGlobalSection
EndGlobal
